
Microsoft Visual Studio Solution File, Format Version 12.00
# Visual Studio Version 16
VisualStudioVersion = 16.0.31112.23
MinimumVisualStudioVersion = 10.0.40219.1
Project("{FAE04EC0-301F-11D3-BF4B-00C04F79EFBC}") = "WebApiBlazorServer", "WebApiBlazorServer\WebApiBlazorServer.csproj", "{3344E899-773F-465A-AADD-657920052A98}"
EndProject
Global
	GlobalSection(SolutionConfigurationPlatforms) = preSolution
		Debug|Any CPU = Debug|Any CPU
		Release|Any CPU = Release|Any CPU
	EndGlobalSection
	GlobalSection(ProjectConfigurationPlatforms) = postSolution
		{3344E899-773F-465A-AADD-657920052A98}.Debug|Any CPU.ActiveCfg = Debug|Any CPU
		{3344E899-773F-465A-AADD-657920052A98}.Debug|Any CPU.Build.0 = Debug|Any CPU
		{3344E899-773F-465A-AADD-657920052A98}.Release|Any CPU.ActiveCfg = Release|Any CPU
		{3344E899-773F-465A-AADD-657920052A98}.Release|Any CPU.Build.0 = Release|Any CPU
	EndGlobalSection
	GlobalSection(SolutionProperties) = preSolution
		HideSolutionNode = FALSE
	EndGlobalSection
	GlobalSection(ExtensibilityGlobals) = postSolution
		SolutionGuid = {748D7442-B7B8-4202-BC05-37373E90AC14}
	EndGlobalSection
EndGlobal
