
Microsoft Visual Studio Solution File, Format Version 12.00
# Visual Studio Version 16
VisualStudioVersion = 16.0.31321.278
MinimumVisualStudioVersion = 10.0.40219.1
Project("{FAE04EC0-301F-11D3-BF4B-00C04F79EFBC}") = "BlazorCRUDList", "BlazorCRUDList\BlazorCRUDList.csproj", "{9EA7B872-AF2A-4F36-9FAD-88B0E84AADB6}"
EndProject
Global
	GlobalSection(SolutionConfigurationPlatforms) = preSolution
		Debug|Any CPU = Debug|Any CPU
		Release|Any CPU = Release|Any CPU
	EndGlobalSection
	GlobalSection(ProjectConfigurationPlatforms) = postSolution
		{9EA7B872-AF2A-4F36-9FAD-88B0E84AADB6}.Debug|Any CPU.ActiveCfg = Debug|Any CPU
		{9EA7B872-AF2A-4F36-9FAD-88B0E84AADB6}.Debug|Any CPU.Build.0 = Debug|Any CPU
		{9EA7B872-AF2A-4F36-9FAD-88B0E84AADB6}.Release|Any CPU.ActiveCfg = Release|Any CPU
		{9EA7B872-AF2A-4F36-9FAD-88B0E84AADB6}.Release|Any CPU.Build.0 = Release|Any CPU
	EndGlobalSection
	GlobalSection(SolutionProperties) = preSolution
		HideSolutionNode = FALSE
	EndGlobalSection
	GlobalSection(ExtensibilityGlobals) = postSolution
		SolutionGuid = {FD4B4637-BCBD-4773-B5EF-8437E01FDCDB}
	EndGlobalSection
EndGlobal
