
Microsoft Visual Studio Solution File, Format Version 12.00
# Visual Studio Version 16
VisualStudioVersion = 16.0.30523.141
MinimumVisualStudioVersion = 10.0.40219.1
Project("{FAE04EC0-301F-11D3-BF4B-00C04F79EFBC}") = "BlazorApplocalstorage", "BlazorApplocalstorage\BlazorApplocalstorage.csproj", "{A21BFE8C-33F8-4B69-A5A6-D2AC9A1F860F}"
EndProject
Global
	GlobalSection(SolutionConfigurationPlatforms) = preSolution
		Debug|Any CPU = Debug|Any CPU
		Release|Any CPU = Release|Any CPU
	EndGlobalSection
	GlobalSection(ProjectConfigurationPlatforms) = postSolution
		{A21BFE8C-33F8-4B69-A5A6-D2AC9A1F860F}.Debug|Any CPU.ActiveCfg = Debug|Any CPU
		{A21BFE8C-33F8-4B69-A5A6-D2AC9A1F860F}.Debug|Any CPU.Build.0 = Debug|Any CPU
		{A21BFE8C-33F8-4B69-A5A6-D2AC9A1F860F}.Release|Any CPU.ActiveCfg = Release|Any CPU
		{A21BFE8C-33F8-4B69-A5A6-D2AC9A1F860F}.Release|Any CPU.Build.0 = Release|Any CPU
	EndGlobalSection
	GlobalSection(SolutionProperties) = preSolution
		HideSolutionNode = FALSE
	EndGlobalSection
	GlobalSection(ExtensibilityGlobals) = postSolution
		SolutionGuid = {BFC887D9-82F9-4B77-A4A1-04292985E5D8}
	EndGlobalSection
EndGlobal
