
Microsoft Visual Studio Solution File, Format Version 12.00
# Visual Studio Version 17
VisualStudioVersion = 17.3.32929.385
MinimumVisualStudioVersion = 10.0.40219.1
Project("{FAE04EC0-301F-11D3-BF4B-00C04F79EFBC}") = "BlazorCallWboApi", "BlazorCallWboApi\BlazorCallWboApi.csproj", "{94228723-7A2D-489D-AFF6-95796F6C3039}"
EndProject
Global
	GlobalSection(SolutionConfigurationPlatforms) = preSolution
		Debug|Any CPU = Debug|Any CPU
		Release|Any CPU = Release|Any CPU
	EndGlobalSection
	GlobalSection(ProjectConfigurationPlatforms) = postSolution
		{94228723-7A2D-489D-AFF6-95796F6C3039}.Debug|Any CPU.ActiveCfg = Debug|Any CPU
		{94228723-7A2D-489D-AFF6-95796F6C3039}.Debug|Any CPU.Build.0 = Debug|Any CPU
		{94228723-7A2D-489D-AFF6-95796F6C3039}.Release|Any CPU.ActiveCfg = Release|Any CPU
		{94228723-7A2D-489D-AFF6-95796F6C3039}.Release|Any CPU.Build.0 = Release|Any CPU
	EndGlobalSection
	GlobalSection(SolutionProperties) = preSolution
		HideSolutionNode = FALSE
	EndGlobalSection
	GlobalSection(ExtensibilityGlobals) = postSolution
		SolutionGuid = {8DF491F7-453E-443C-8428-25C13BE42E14}
	EndGlobalSection
EndGlobal
