
Microsoft Visual Studio Solution File, Format Version 12.00
# Visual Studio Version 16
VisualStudioVersion = 16.0.31112.23
MinimumVisualStudioVersion = 10.0.40219.1
Project("{FAE04EC0-301F-11D3-BF4B-00C04F79EFBC}") = "BlazorServerCallWebApi", "BlazorServerCallWebApi\BlazorServerCallWebApi.csproj", "{FC82B696-E731-4B5D-ADED-2CEFB7A5282C}"
EndProject
Global
	GlobalSection(SolutionConfigurationPlatforms) = preSolution
		Debug|Any CPU = Debug|Any CPU
		Release|Any CPU = Release|Any CPU
	EndGlobalSection
	GlobalSection(ProjectConfigurationPlatforms) = postSolution
		{FC82B696-E731-4B5D-ADED-2CEFB7A5282C}.Debug|Any CPU.ActiveCfg = Debug|Any CPU
		{FC82B696-E731-4B5D-ADED-2CEFB7A5282C}.Debug|Any CPU.Build.0 = Debug|Any CPU
		{FC82B696-E731-4B5D-ADED-2CEFB7A5282C}.Release|Any CPU.ActiveCfg = Release|Any CPU
		{FC82B696-E731-4B5D-ADED-2CEFB7A5282C}.Release|Any CPU.Build.0 = Release|Any CPU
	EndGlobalSection
	GlobalSection(SolutionProperties) = preSolution
		HideSolutionNode = FALSE
	EndGlobalSection
	GlobalSection(ExtensibilityGlobals) = postSolution
		SolutionGuid = {F439D22E-084C-4A98-8E1D-6EF9EA88E08F}
	EndGlobalSection
EndGlobal
