
Microsoft Visual Studio Solution File, Format Version 12.00
# Visual Studio Version 17
VisualStudioVersion = 17.0.31612.314
MinimumVisualStudioVersion = 10.0.40219.1
Project("{FAE04EC0-301F-11D3-BF4B-00C04F79EFBC}") = "BlazorAppLoopFolder", "BlazorAppLoopFolder\BlazorAppLoopFolder.csproj", "{4B96EB64-9D75-4BAC-AD82-D6360F908549}"
EndProject
Global
	GlobalSection(SolutionConfigurationPlatforms) = preSolution
		Debug|Any CPU = Debug|Any CPU
		Release|Any CPU = Release|Any CPU
	EndGlobalSection
	GlobalSection(ProjectConfigurationPlatforms) = postSolution
		{4B96EB64-9D75-4BAC-AD82-D6360F908549}.Debug|Any CPU.ActiveCfg = Debug|Any CPU
		{4B96EB64-9D75-4BAC-AD82-D6360F908549}.Debug|Any CPU.Build.0 = Debug|Any CPU
		{4B96EB64-9D75-4BAC-AD82-D6360F908549}.Release|Any CPU.ActiveCfg = Release|Any CPU
		{4B96EB64-9D75-4BAC-AD82-D6360F908549}.Release|Any CPU.Build.0 = Release|Any CPU
	EndGlobalSection
	GlobalSection(SolutionProperties) = preSolution
		HideSolutionNode = FALSE
	EndGlobalSection
	GlobalSection(ExtensibilityGlobals) = postSolution
		SolutionGuid = {5DE21EA2-7A77-4516-8282-02943B0BF572}
	EndGlobalSection
EndGlobal
